
Microsoft Visual Studio Solution File, Format Version 12.00
# Visual Studio Version 17
VisualStudioVersion = 17.2.32516.85
MinimumVisualStudioVersion = 10.0.40219.1
Project("{FAE04EC0-301F-11D3-BF4B-00C04F79EFBC}") = "Activity 9", "Activity 9.csproj", "{BDC1153A-0A17-4D8C-88F5-FAE2D1E75B1B}"
EndProject
Global
	GlobalSection(SolutionConfigurationPlatforms) = preSolution
		Debug|Any CPU = Debug|Any CPU
		Release|Any CPU = Release|Any CPU
	EndGlobalSection
	GlobalSection(ProjectConfigurationPlatforms) = postSolution
		{BDC1153A-0A17-4D8C-88F5-FAE2D1E75B1B}.Debug|Any CPU.ActiveCfg = Debug|Any CPU
		{BDC1153A-0A17-4D8C-88F5-FAE2D1E75B1B}.Debug|Any CPU.Build.0 = Debug|Any CPU
		{BDC1153A-0A17-4D8C-88F5-FAE2D1E75B1B}.Release|Any CPU.ActiveCfg = Release|Any CPU
		{BDC1153A-0A17-4D8C-88F5-FAE2D1E75B1B}.Release|Any CPU.Build.0 = Release|Any CPU
	EndGlobalSection
	GlobalSection(SolutionProperties) = preSolution
		HideSolutionNode = FALSE
	EndGlobalSection
	GlobalSection(ExtensibilityGlobals) = postSolution
		SolutionGuid = {C8E73FD5-D5D1-4556-A7D1-04BFE116F4E6}
	EndGlobalSection
EndGlobal
